
Microsoft Visual Studio Solution File, Format Version 12.00
# Visual Studio Version 17
VisualStudioVersion = 17.0.32014.148
MinimumVisualStudioVersion = 10.0.40219.1
Project("{FAE04EC0-301F-11D3-BF4B-00C04F79EFBC}") = "Input Shaping PMAC Code Generator", "Input Shaping PMAC Code Generator\Input Shaping PMAC Code Generator.csproj", "{0C335FC3-5FAA-47D7-AA63-96D0023B47EE}"
EndProject
Project("{FAE04EC0-301F-11D3-BF4B-00C04F79EFBC}") = "Unpack_and_Extract", "Unpack_and_Extract\Unpack_and_Extract.csproj", "{9EFFA50D-66A7-4D64-8210-CA2456C3CCE2}"
EndProject
Global
	GlobalSection(SolutionConfigurationPlatforms) = preSolution
		Debug|Any CPU = Debug|Any CPU
		Release|Any CPU = Release|Any CPU
	EndGlobalSection
	GlobalSection(ProjectConfigurationPlatforms) = postSolution
		{0C335FC3-5FAA-47D7-AA63-96D0023B47EE}.Debug|Any CPU.ActiveCfg = Debug|Any CPU
		{0C335FC3-5FAA-47D7-AA63-96D0023B47EE}.Debug|Any CPU.Build.0 = Debug|Any CPU
		{0C335FC3-5FAA-47D7-AA63-96D0023B47EE}.Release|Any CPU.ActiveCfg = Release|Any CPU
		{0C335FC3-5FAA-47D7-AA63-96D0023B47EE}.Release|Any CPU.Build.0 = Release|Any CPU
		{9EFFA50D-66A7-4D64-8210-CA2456C3CCE2}.Debug|Any CPU.ActiveCfg = Debug|Any CPU
		{9EFFA50D-66A7-4D64-8210-CA2456C3CCE2}.Debug|Any CPU.Build.0 = Debug|Any CPU
		{9EFFA50D-66A7-4D64-8210-CA2456C3CCE2}.Release|Any CPU.ActiveCfg = Release|Any CPU
		{9EFFA50D-66A7-4D64-8210-CA2456C3CCE2}.Release|Any CPU.Build.0 = Release|Any CPU
	EndGlobalSection
	GlobalSection(SolutionProperties) = preSolution
		HideSolutionNode = FALSE
	EndGlobalSection
	GlobalSection(ExtensibilityGlobals) = postSolution
		SolutionGuid = {1633E7C7-258E-487C-B152-5A8853385AFB}
	EndGlobalSection
EndGlobal
